# This file was autogenerated by Stack.
# You should not edit this file by hand.
# For more information, please see the documentation at:
#   https://docs.haskellstack.org/en/stable/lock_files

snapshots:
- original:
    url: https://raw.githubusercontent.com/commercialhaskell/stackage-snapshots/master/lts/18/18.yaml
  completed:
    sha256: 63539429076b7ebbab6daa7656cfb079393bf644971156dc349d7c0453694ac2
    url: https://raw.githubusercontent.com/commercialhaskell/stackage-snapshots/master/lts/18/18.yaml
    size: 586296
packages:
- original:
    url: https://hackage.haskell.org/package/Chart-cairo-1.9.3/Chart-cairo-1.9.3.tar.gz
  completed:
    pantry-tree:
      sha256: e00876230cd7553283f0cf6e437709c6e0e81f7166d20b251329ae76ff7d2462
      size: 238
    version: 1.9.3
    name: Chart-cairo
    sha256: 6e9023d3ed3f41277c86644daf99922ab331fa6b8940528b9d53e94f15329532
    url: https://hackage.haskell.org/package/Chart-cairo-1.9.3/Chart-cairo-1.9.3.tar.gz
    size: 4361
